
Microsoft Visual Studio Solution File, Format Version 12.00
# Visual Studio Version 16
VisualStudioVersion = 16.0.30804.86
MinimumVisualStudioVersion = 10.0.40219.1
Project("{FAE04EC0-301F-11D3-BF4B-00C04F79EFBC}") = "GameDemoProject", "GameDemoProject\GameDemoProject.csproj", "{BBD8FF63-6225-477E-9482-7BC97308159C}"
EndProject
Global
	GlobalSection(SolutionConfigurationPlatforms) = preSolution
		Debug|Any CPU = Debug|Any CPU
		Release|Any CPU = Release|Any CPU
	EndGlobalSection
	GlobalSection(ProjectConfigurationPlatforms) = postSolution
		{BBD8FF63-6225-477E-9482-7BC97308159C}.Debug|Any CPU.ActiveCfg = Debug|Any CPU
		{BBD8FF63-6225-477E-9482-7BC97308159C}.Debug|Any CPU.Build.0 = Debug|Any CPU
		{BBD8FF63-6225-477E-9482-7BC97308159C}.Release|Any CPU.ActiveCfg = Release|Any CPU
		{BBD8FF63-6225-477E-9482-7BC97308159C}.Release|Any CPU.Build.0 = Release|Any CPU
	EndGlobalSection
	GlobalSection(SolutionProperties) = preSolution
		HideSolutionNode = FALSE
	EndGlobalSection
	GlobalSection(ExtensibilityGlobals) = postSolution
		SolutionGuid = {F1BA96F0-1168-4E2B-9908-513B5D36CB53}
	EndGlobalSection
EndGlobal
